// !$*UTF8*$!
{
	archiveVersion = 1;
	classes = {
	};
	objectVersion = 50;
	objects = {

/* Begin PBXBuildFile section */
		A0622988248F6E21009A78B4 /* AppDelegate.m in Sources */ = {isa = PBXBuildFile; fileRef = A0622987248F6E21009A78B4 /* AppDelegate.m */; };
		A062298A248F6E22009A78B4 /* Assets.xcassets in Resources */ = {isa = PBXBuildFile; fileRef = A0622989248F6E22009A78B4 /* Assets.xcassets */; };
		A062298D248F6E22009A78B4 /* LaunchScreen.storyboard in Resources */ = {isa = PBXBuildFile; fileRef = A062298B248F6E22009A78B4 /* LaunchScreen.storyboard */; };
		A0622990248F6E22009A78B4 /* main.m in Sources */ = {isa = PBXBuildFile; fileRef = A062298F248F6E22009A78B4 /* main.m */; };
		A0622998248F6E32009A78B4 /* Line.m in Sources */ = {isa = PBXBuildFile; fileRef = A0622997248F6E32009A78B4 /* Line.m */; };
		A062299E248F6EE8009A78B4 /* DrawView.m in Sources */ = {isa = PBXBuildFile; fileRef = A062299D248F6EE8009A78B4 /* DrawView.m */; };
		A06229A1248F6EFE009A78B4 /* DrawViewController.m in Sources */ = {isa = PBXBuildFile; fileRef = A06229A0248F6EFE009A78B4 /* DrawViewController.m */; };
/* End PBXBuildFile section */

/* Begin PBXFileReference section */
		A0622983248F6E21009A78B4 /* TouchTracker.app */ = {isa = PBXFileReference; explicitFileType = wrapper.application; includeInIndex = 0; path = TouchTracker.app; sourceTree = BUILT_PRODUCTS_DIR; };
		A0622986248F6E21009A78B4 /* AppDelegate.h */ = {isa = PBXFileReference; lastKnownFileType = sourcecode.c.h; path = AppDelegate.h; sourceTree = "<group>"; };
		A0622987248F6E21009A78B4 /* AppDelegate.m */ = {isa = PBXFileReference; lastKnownFileType = sourcecode.c.objc; path = AppDelegate.m; sourceTree = "<group>"; };
		A0622989248F6E22009A78B4 /* Assets.xcassets */ = {isa = PBXFileReference; lastKnownFileType = folder.assetcatalog; path = Assets.xcassets; sourceTree = "<group>"; };
		A062298C248F6E22009A78B4 /* Base */ = {isa = PBXFileReference; lastKnownFileType = file.storyboard; name = Base; path = Base.lproj/LaunchScreen.storyboard; sourceTree = "<group>"; };
		A062298E248F6E22009A78B4 /* Info.plist */ = {isa = PBXFileReference; lastKnownFileType = text.plist.xml; path = Info.plist; sourceTree = "<group>"; };
		A062298F248F6E22009A78B4 /* main.m */ = {isa = PBXFileReference; lastKnownFileType = sourcecode.c.objc; path = main.m; sourceTree = "<group>"; };
		A0622996248F6E32009A78B4 /* Line.h */ = {isa = PBXFileReference; lastKnownFileType = sourcecode.c.h; path = Line.h; sourceTree = "<group>"; };
		A0622997248F6E32009A78B4 /* Line.m */ = {isa = PBXFileReference; lastKnownFileType = sourcecode.c.objc; path = Line.m; sourceTree = "<group>"; };
		A062299C248F6EE8009A78B4 /* DrawView.h */ = {isa = PBXFileReference; lastKnownFileType = sourcecode.c.h; path = DrawView.h; sourceTree = "<group>"; };
		A062299D248F6EE8009A78B4 /* DrawView.m */ = {isa = PBXFileReference; lastKnownFileType = sourcecode.c.objc; path = DrawView.m; sourceTree = "<group>"; };
		A062299F248F6EFE009A78B4 /* DrawViewController.h */ = {isa = PBXFileReference; lastKnownFileType = sourcecode.c.h; path = DrawViewController.h; sourceTree = "<group>"; };
		A06229A0248F6EFE009A78B4 /* DrawViewController.m */ = {isa = PBXFileReference; lastKnownFileType = sourcecode.c.objc; path = DrawViewController.m; sourceTree = "<group>"; };
/* End PBXFileReference section */

/* Begin PBXFrameworksBuildPhase section */
		A0622980248F6E21009A78B4 /* Frameworks */ = {
			isa = PBXFrameworksBuildPhase;
			buildActionMask = 2147483647;
			files = (
			);
			runOnlyForDeploymentPostprocessing = 0;
		};
/* End PBXFrameworksBuildPhase section */

/* Begin PBXGroup section */
		A062297A248F6E21009A78B4 = {
			isa = PBXGroup;
			children = (
				A062299C248F6EE8009A78B4 /* DrawView.h */,
				A062299D248F6EE8009A78B4 /* DrawView.m */,
				A062299F248F6EFE009A78B4 /* DrawViewController.h */,
				A06229A0248F6EFE009A78B4 /* DrawViewController.m */,
				A0622996248F6E32009A78B4 /* Line.h */,
				A0622997248F6E32009A78B4 /* Line.m */,
				A0622985248F6E21009A78B4 /* TouchTracker */,
				A0622984248F6E21009A78B4 /* Products */,
			);
			sourceTree = "<group>";
		};
		A0622984248F6E21009A78B4 /* Products */ = {
			isa = PBXGroup;
			children = (
				A0622983248F6E21009A78B4 /* TouchTracker.app */,
			);
			name = Products;
			sourceTree = "<group>";
		};
		A0622985248F6E21009A78B4 /* TouchTracker */ = {
			isa = PBXGroup;
			children = (
				A0622986248F6E21009A78B4 /* AppDelegate.h */,
				A0622987248F6E21009A78B4 /* AppDelegate.m */,
				A0622989248F6E22009A78B4 /* Assets.xcassets */,
				A062298B248F6E22009A78B4 /* LaunchScreen.storyboard */,
				A062298E248F6E22009A78B4 /* Info.plist */,
				A062298F248F6E22009A78B4 /* main.m */,
			);
			path = TouchTracker;
			sourceTree = "<group>";
		};
/* End PBXGroup section */

/* Begin PBXNativeTarget section */
		A0622982248F6E21009A78B4 /* TouchTracker */ = {
			isa = PBXNativeTarget;
			buildConfigurationList = A0622993248F6E22009A78B4 /* Build configuration list for PBXNativeTarget "TouchTracker" */;
			buildPhases = (
				A062297F248F6E21009A78B4 /* Sources */,
				A0622980248F6E21009A78B4 /* Frameworks */,
				A0622981248F6E21009A78B4 /* Resources */,
			);
			buildRules = (
			);
			dependencies = (
			);
			name = TouchTracker;
			productName = TouchTracker;
			productReference = A0622983248F6E21009A78B4 /* TouchTracker.app */;
			productType = "com.apple.product-type.application";
		};
/* End PBXNativeTarget section */

/* Begin PBXProject section */
		A062297B248F6E21009A78B4 /* Project object */ = {
			isa = PBXProject;
			attributes = {
				LastUpgradeCheck = 1150;
				ORGANIZATIONNAME = nuko;
				TargetAttributes = {
					A0622982248F6E21009A78B4 = {
						CreatedOnToolsVersion = 11.5;
					};
				};
			};
			buildConfigurationList = A062297E248F6E21009A78B4 /* Build configuration list for PBXProject "TouchTracker" */;
			compatibilityVersion = "Xcode 9.3";
			developmentRegion = en;
			hasScannedForEncodings = 0;
			knownRegions = (
				en,
				Base,
			);
			mainGroup = A062297A248F6E21009A78B4;
			productRefGroup = A0622984248F6E21009A78B4 /* Products */;
			projectDirPath = "";
			projectRoot = "";
			targets = (
				A0622982248F6E21009A78B4 /* TouchTracker */,
			);
		};
/* End PBXProject section */

/* Begin PBXResourcesBuildPhase section */
		A0622981248F6E21009A78B4 /* Resources */ = {
			isa = PBXResourcesBuildPhase;
			buildActionMask = 2147483647;
			files = (
				A062298A248F6E22009A78B4 /* Assets.xcassets in Resources */,
				A062298D248F6E22009A78B4 /* LaunchScreen.storyboard in Resources */,
			);
			runOnlyForDeploymentPostprocessing = 0;
		};
/* End PBXResourcesBuildPhase section */

/* Begin PBXSourcesBuildPhase section */
		A062297F248F6E21009A78B4 /* Sources */ = {
			isa = PBXSourcesBuildPhase;
			buildActionMask = 2147483647;
			files = (
				A0622990248F6E22009A78B4 /* main.m in Sources */,
				A06229A1248F6EFE009A78B4 /* DrawViewController.m in Sources */,
				A0622998248F6E32009A78B4 /* Line.m in Sources */,
				A062299E248F6EE8009A78B4 /* DrawView.m in Sources */,
				A0622988248F6E21009A78B4 /* AppDelegate.m in Sources */,
			);
			runOnlyForDeploymentPostprocessing = 0;
		};
/* End PBXSourcesBuildPhase section */

/* Begin PBXVariantGroup section */
		A062298B248F6E22009A78B4 /* LaunchScreen.storyboard */ = {
			isa = PBXVariantGroup;
			children = (
				A062298C248F6E22009A78B4 /* Base */,
			);
			name = LaunchScreen.storyboard;
			sourceTree = "<group>";
		};
/* End PBXVariantGroup section */

/* Begin XCBuildConfiguration section */
		A0622991248F6E22009A78B4 /* Debug */ = {
			isa = XCBuildConfiguration;
			buildSettings = {
				ALWAYS_SEARCH_USER_PATHS = NO;
				CLANG_ANALYZER_NONNULL = YES;
				CLANG_ANALYZER_NUMBER_OBJECT_CONVERSION = YES_AGGRESSIVE;
				CLANG_CXX_LANGUAGE_STANDARD = "gnu++14";
				CLANG_CXX_LIBRARY = "libc++";
				CLANG_ENABLE_MODULES = YES;
				CLANG_ENABLE_OBJC_ARC = YES;
				CLANG_ENABLE_OBJC_WEAK = YES;
				CLANG_WARN_BLOCK_CAPTURE_AUTORELEASING = YES;
				CLANG_WARN_BOOL_CONVERSION = YES;
				CLANG_WARN_COMMA = YES;
				CLANG_WARN_CONSTANT_CONVERSION = YES;
				CLANG_WARN_DEPRECATED_OBJC_IMPLEMENTATIONS = YES;
				CLANG_WARN_DIRECT_OBJC_ISA_USAGE = YES_ERROR;
				CLANG_WARN_DOCUMENTATION_COMMENTS = YES;
				CLANG_WARN_EMPTY_BODY = YES;
				CLANG_WARN_ENUM_CONVERSION = YES;
				CLANG_WARN_INFINITE_RECURSION = YES;
				CLANG_WARN_INT_CONVERSION = YES;
				CLANG_WARN_NON_LITERAL_NULL_CONVERSION = YES;
				CLANG_WARN_OBJC_IMPLICIT_RETAIN_SELF = YES;
				CLANG_WARN_OBJC_LITERAL_CONVERSION = YES;
				CLANG_WARN_OBJC_ROOT_CLASS = YES_ERROR;
				CLANG_WARN_RANGE_LOOP_ANALYSIS = YES;
				CLANG_WARN_STRICT_PROTOTYPES = YES;
				CLANG_WARN_SUSPICIOUS_MOVE = YES;
				CLANG_WARN_UNGUARDED_AVAILABILITY = YES_AGGRESSIVE;
				CLANG_WARN_UNREACHABLE_CODE = YES;
				CLANG_WARN__DUPLICATE_METHOD_MATCH = YES;
				COPY_PHASE_STRIP = NO;
				DEBUG_INFORMATION_FORMAT = dwarf;
				ENABLE_STRICT_OBJC_MSGSEND = YES;
				ENABLE_TESTABILITY = YES;
				GCC_C_LANGUAGE_STANDARD = gnu11;
				GCC_DYNAMIC_NO_PIC = NO;
				GCC_NO_COMMON_BLOCKS = YES;
				GCC_OPTIMIZATION_LEVEL = 0;
				GCC_PREPROCESSOR_DEFINITIONS = (
					"DEBUG=1",
					"$(inherited)",
				);
				GCC_WARN_64_TO_32_BIT_CONVERSION = YES;
				GCC_WARN_ABOUT_RETURN_TYPE = YES_ERROR;
				GCC_WARN_UNDECLARED_SELECTOR = YES;
				GCC_WARN_UNINITIALIZED_AUTOS = YES_AGGRESSIVE;
				GCC_WARN_UNUSED_FUNCTION = YES;
				GCC_WARN_UNUSED_VARIABLE = YES;
				IPHONEOS_DEPLOYMENT_TARGET = 13.5;
				MTL_ENABLE_DEBUG_INFO = INCLUDE_SOURCE;
				MTL_FAST_MATH = YES;
				ONLY_ACTIVE_ARCH = YES;
				SDKROOT = iphoneos;
			};
			name = Debug;
		};
		A0622992248F6E22009A78B4 /* Release */ = {
			isa = XCBuildConfiguration;
			buildSettings = {
				ALWAYS_SEARCH_USER_PATHS = NO;
				CLANG_ANALYZER_NONNULL = YES;
				CLANG_ANALYZER_NUMBER_OBJECT_CONVERSION = YES_AGGRESSIVE;
				CLANG_CXX_LANGUAGE_STANDARD = "gnu++14";
				CLANG_CXX_LIBRARY = "libc++";
				CLANG_ENABLE_MODULES = YES;
				CLANG_ENABLE_OBJC_ARC = YES;
				CLANG_ENABLE_OBJC_WEAK = YES;
				CLANG_WARN_BLOCK_CAPTURE_AUTORELEASING = YES;
				CLANG_WARN_BOOL_CONVERSION = YES;
				CLANG_WARN_COMMA = YES;
				CLANG_WARN_CONSTANT_CONVERSION = YES;
				CLANG_WARN_DEPRECATED_OBJC_IMPLEMENTATIONS = YES;
				CLANG_WARN_DIRECT_OBJC_ISA_USAGE = YES_ERROR;
				CLANG_WARN_DOCUMENTATION_COMMENTS = YES;
				CLANG_WARN_EMPTY_BODY = YES;
				CLANG_WARN_ENUM_CONVERSION = YES;
				CLANG_WARN_INFINITE_RECURSION = YES;
				CLANG_WARN_INT_CONVERSION = YES;
				CLANG_WARN_NON_LITERAL_NULL_CONVERSION = YES;
				CLANG_WARN_OBJC_IMPLICIT_RETAIN_SELF = YES;
				CLANG_WARN_OBJC_LITERAL_CONVERSION = YES;
				CLANG_WARN_OBJC_ROOT_CLASS = YES_ERROR;
				CLANG_WARN_RANGE_LOOP_ANALYSIS = YES;
				CLANG_WARN_STRICT_PROTOTYPES = YES;
				CLANG_WARN_SUSPICIOUS_MOVE = YES;
				CLANG_WARN_UNGUARDED_AVAILABILITY = YES_AGGRESSIVE;
				CLANG_WARN_UNREACHABLE_CODE = YES;
				CLANG_WARN__DUPLICATE_METHOD_MATCH = YES;
				COPY_PHASE_STRIP = NO;
				DEBUG_INFORMATION_FORMAT = "dwarf-with-dsym";
				ENABLE_NS_ASSERTIONS = NO;
				ENABLE_STRICT_OBJC_MSGSEND = YES;
				GCC_C_LANGUAGE_STANDARD = gnu11;
				GCC_NO_COMMON_BLOCKS = YES;
				GCC_WARN_64_TO_32_BIT_CONVERSION = YES;
				GCC_WARN_ABOUT_RETURN_TYPE = YES_ERROR;
				GCC_WARN_UNDECLARED_SELECTOR = YES;
				GCC_WARN_UNINITIALIZED_AUTOS = YES_AGGRESSIVE;
				GCC_WARN_UNUSED_FUNCTION = YES;
				GCC_WARN_UNUSED_VARIABLE = YES;
				IPHONEOS_DEPLOYMENT_TARGET = 13.5;
				MTL_ENABLE_DEBUG_INFO = NO;
				MTL_FAST_MATH = YES;
				SDKROOT = iphoneos;
				VALIDATE_PRODUCT = YES;
			};
			name = Release;
		};
		A0622994248F6E22009A78B4 /* Debug */ = {
			isa = XCBuildConfiguration;
			buildSettings = {
				ASSETCATALOG_COMPILER_APPICON_NAME = AppIcon;
				CODE_SIGN_STYLE = Automatic;
				GCC_PREPROCESSOR_DEFINITIONS = (
					"DEBUG=1",
					VIEW_DEBUG,
					"$(inherited)",
				);
				INFOPLIST_FILE = TouchTracker/Info.plist;
				LD_RUNPATH_SEARCH_PATHS = (
					"$(inherited)",
					"@executable_path/Frameworks",
				);
				PRODUCT_BUNDLE_IDENTIFIER = com.nuko.TouchTracker;
				PRODUCT_NAME = "$(TARGET_NAME)";
				TARGETED_DEVICE_FAMILY = "1,2";
			};
			name = Debug;
		};
		A0622995248F6E22009A78B4 /* Release */ = {
			isa = XCBuildConfiguration;
			buildSettings = {
				ASSETCATALOG_COMPILER_APPICON_NAME = AppIcon;
				CODE_SIGN_STYLE = Automatic;
				INFOPLIST_FILE = TouchTracker/Info.plist;
				LD_RUNPATH_SEARCH_PATHS = (
					"$(inherited)",
					"@executable_path/Frameworks",
				);
				PRODUCT_BUNDLE_IDENTIFIER = com.nuko.TouchTracker;
				PRODUCT_NAME = "$(TARGET_NAME)";
				TARGETED_DEVICE_FAMILY = "1,2";
			};
			name = Release;
		};
/* End XCBuildConfiguration section */

/* Begin XCConfigurationList section */
		A062297E248F6E21009A78B4 /* Build configuration list for PBXProject "TouchTracker" */ = {
			isa = XCConfigurationList;
			buildConfigurations = (
				A0622991248F6E22009A78B4 /* Debug */,
				A0622992248F6E22009A78B4 /* Release */,
			);
			defaultConfigurationIsVisible = 0;
			defaultConfigurationName = Release;
		};
		A0622993248F6E22009A78B4 /* Build configuration list for PBXNativeTarget "TouchTracker" */ = {
			isa = XCConfigurationList;
			buildConfigurations = (
				A0622994248F6E22009A78B4 /* Debug */,
				A0622995248F6E22009A78B4 /* Release */,
			);
			defaultConfigurationIsVisible = 0;
			defaultConfigurationName = Release;
		};
/* End XCConfigurationList section */
	};
	rootObject = A062297B248F6E21009A78B4 /* Project object */;
}
