// !$*UTF8*$!
{
	archiveVersion = 1;
	classes = {
	};
	objectVersion = 50;
	objects = {

/* Begin PBXBuildFile section */
		A0622A052495D00D009A78B4 /* AppDelegate.m in Sources */ = {isa = PBXBuildFile; fileRef = A0622A042495D00D009A78B4 /* AppDelegate.m */; };
		A0622A072495D00E009A78B4 /* Assets.xcassets in Resources */ = {isa = PBXBuildFile; fileRef = A0622A062495D00E009A78B4 /* Assets.xcassets */; };
		A0622A0A2495D00E009A78B4 /* LaunchScreen.storyboard in Resources */ = {isa = PBXBuildFile; fileRef = A0622A082495D00E009A78B4 /* LaunchScreen.storyboard */; };
		A0622A0D2495D00E009A78B4 /* main.m in Sources */ = {isa = PBXBuildFile; fileRef = A0622A0C2495D00E009A78B4 /* main.m */; };
		A0622A162495D048009A78B4 /* Colorboard.storyboard in Resources */ = {isa = PBXBuildFile; fileRef = A0622A152495D048009A78B4 /* Colorboard.storyboard */; };
		A0622A192495D81E009A78B4 /* ColorViewController.m in Sources */ = {isa = PBXBuildFile; fileRef = A0622A182495D81E009A78B4 /* ColorViewController.m */; };
		A0622A1C249666A0009A78B4 /* PaletteViewController.m in Sources */ = {isa = PBXBuildFile; fileRef = A0622A1B249666A0009A78B4 /* PaletteViewController.m */; };
		A0622A1F2496678D009A78B4 /* ColorDescription.m in Sources */ = {isa = PBXBuildFile; fileRef = A0622A1E2496678D009A78B4 /* ColorDescription.m */; };
/* End PBXBuildFile section */

/* Begin PBXFileReference section */
		A0622A002495D00D009A78B4 /* Colorboard.app */ = {isa = PBXFileReference; explicitFileType = wrapper.application; includeInIndex = 0; path = Colorboard.app; sourceTree = BUILT_PRODUCTS_DIR; };
		A0622A032495D00D009A78B4 /* AppDelegate.h */ = {isa = PBXFileReference; lastKnownFileType = sourcecode.c.h; path = AppDelegate.h; sourceTree = "<group>"; };
		A0622A042495D00D009A78B4 /* AppDelegate.m */ = {isa = PBXFileReference; lastKnownFileType = sourcecode.c.objc; path = AppDelegate.m; sourceTree = "<group>"; };
		A0622A062495D00E009A78B4 /* Assets.xcassets */ = {isa = PBXFileReference; lastKnownFileType = folder.assetcatalog; path = Assets.xcassets; sourceTree = "<group>"; };
		A0622A092495D00E009A78B4 /* Base */ = {isa = PBXFileReference; lastKnownFileType = file.storyboard; name = Base; path = Base.lproj/LaunchScreen.storyboard; sourceTree = "<group>"; };
		A0622A0B2495D00E009A78B4 /* Info.plist */ = {isa = PBXFileReference; lastKnownFileType = text.plist.xml; path = Info.plist; sourceTree = "<group>"; };
		A0622A0C2495D00E009A78B4 /* main.m */ = {isa = PBXFileReference; lastKnownFileType = sourcecode.c.objc; path = main.m; sourceTree = "<group>"; };
		A0622A152495D048009A78B4 /* Colorboard.storyboard */ = {isa = PBXFileReference; lastKnownFileType = file.storyboard; path = Colorboard.storyboard; sourceTree = "<group>"; };
		A0622A172495D81E009A78B4 /* ColorViewController.h */ = {isa = PBXFileReference; lastKnownFileType = sourcecode.c.h; path = ColorViewController.h; sourceTree = "<group>"; };
		A0622A182495D81E009A78B4 /* ColorViewController.m */ = {isa = PBXFileReference; lastKnownFileType = sourcecode.c.objc; path = ColorViewController.m; sourceTree = "<group>"; };
		A0622A1A249666A0009A78B4 /* PaletteViewController.h */ = {isa = PBXFileReference; lastKnownFileType = sourcecode.c.h; path = PaletteViewController.h; sourceTree = "<group>"; };
		A0622A1B249666A0009A78B4 /* PaletteViewController.m */ = {isa = PBXFileReference; lastKnownFileType = sourcecode.c.objc; path = PaletteViewController.m; sourceTree = "<group>"; };
		A0622A1D2496678D009A78B4 /* ColorDescription.h */ = {isa = PBXFileReference; lastKnownFileType = sourcecode.c.h; path = ColorDescription.h; sourceTree = "<group>"; };
		A0622A1E2496678D009A78B4 /* ColorDescription.m */ = {isa = PBXFileReference; lastKnownFileType = sourcecode.c.objc; path = ColorDescription.m; sourceTree = "<group>"; };
/* End PBXFileReference section */

/* Begin PBXFrameworksBuildPhase section */
		A06229FD2495D00D009A78B4 /* Frameworks */ = {
			isa = PBXFrameworksBuildPhase;
			buildActionMask = 2147483647;
			files = (
			);
			runOnlyForDeploymentPostprocessing = 0;
		};
/* End PBXFrameworksBuildPhase section */

/* Begin PBXGroup section */
		A06229F72495D00D009A78B4 = {
			isa = PBXGroup;
			children = (
				A0622A152495D048009A78B4 /* Colorboard.storyboard */,
				A0622A1A249666A0009A78B4 /* PaletteViewController.h */,
				A0622A1B249666A0009A78B4 /* PaletteViewController.m */,
				A0622A1D2496678D009A78B4 /* ColorDescription.h */,
				A0622A1E2496678D009A78B4 /* ColorDescription.m */,
				A0622A172495D81E009A78B4 /* ColorViewController.h */,
				A0622A182495D81E009A78B4 /* ColorViewController.m */,
				A0622A022495D00D009A78B4 /* Colorboard */,
				A0622A012495D00D009A78B4 /* Products */,
			);
			sourceTree = "<group>";
		};
		A0622A012495D00D009A78B4 /* Products */ = {
			isa = PBXGroup;
			children = (
				A0622A002495D00D009A78B4 /* Colorboard.app */,
			);
			name = Products;
			sourceTree = "<group>";
		};
		A0622A022495D00D009A78B4 /* Colorboard */ = {
			isa = PBXGroup;
			children = (
				A0622A032495D00D009A78B4 /* AppDelegate.h */,
				A0622A042495D00D009A78B4 /* AppDelegate.m */,
				A0622A062495D00E009A78B4 /* Assets.xcassets */,
				A0622A082495D00E009A78B4 /* LaunchScreen.storyboard */,
				A0622A0B2495D00E009A78B4 /* Info.plist */,
				A0622A0C2495D00E009A78B4 /* main.m */,
			);
			path = Colorboard;
			sourceTree = "<group>";
		};
/* End PBXGroup section */

/* Begin PBXNativeTarget section */
		A06229FF2495D00D009A78B4 /* Colorboard */ = {
			isa = PBXNativeTarget;
			buildConfigurationList = A0622A102495D00E009A78B4 /* Build configuration list for PBXNativeTarget "Colorboard" */;
			buildPhases = (
				A06229FC2495D00D009A78B4 /* Sources */,
				A06229FD2495D00D009A78B4 /* Frameworks */,
				A06229FE2495D00D009A78B4 /* Resources */,
			);
			buildRules = (
			);
			dependencies = (
			);
			name = Colorboard;
			productName = Colorboard;
			productReference = A0622A002495D00D009A78B4 /* Colorboard.app */;
			productType = "com.apple.product-type.application";
		};
/* End PBXNativeTarget section */

/* Begin PBXProject section */
		A06229F82495D00D009A78B4 /* Project object */ = {
			isa = PBXProject;
			attributes = {
				LastUpgradeCheck = 1150;
				ORGANIZATIONNAME = nuko;
				TargetAttributes = {
					A06229FF2495D00D009A78B4 = {
						CreatedOnToolsVersion = 11.5;
					};
				};
			};
			buildConfigurationList = A06229FB2495D00D009A78B4 /* Build configuration list for PBXProject "Colorboard" */;
			compatibilityVersion = "Xcode 9.3";
			developmentRegion = en;
			hasScannedForEncodings = 0;
			knownRegions = (
				en,
				Base,
			);
			mainGroup = A06229F72495D00D009A78B4;
			productRefGroup = A0622A012495D00D009A78B4 /* Products */;
			projectDirPath = "";
			projectRoot = "";
			targets = (
				A06229FF2495D00D009A78B4 /* Colorboard */,
			);
		};
/* End PBXProject section */

/* Begin PBXResourcesBuildPhase section */
		A06229FE2495D00D009A78B4 /* Resources */ = {
			isa = PBXResourcesBuildPhase;
			buildActionMask = 2147483647;
			files = (
				A0622A162495D048009A78B4 /* Colorboard.storyboard in Resources */,
				A0622A072495D00E009A78B4 /* Assets.xcassets in Resources */,
				A0622A0A2495D00E009A78B4 /* LaunchScreen.storyboard in Resources */,
			);
			runOnlyForDeploymentPostprocessing = 0;
		};
/* End PBXResourcesBuildPhase section */

/* Begin PBXSourcesBuildPhase section */
		A06229FC2495D00D009A78B4 /* Sources */ = {
			isa = PBXSourcesBuildPhase;
			buildActionMask = 2147483647;
			files = (
				A0622A1C249666A0009A78B4 /* PaletteViewController.m in Sources */,
				A0622A0D2495D00E009A78B4 /* main.m in Sources */,
				A0622A1F2496678D009A78B4 /* ColorDescription.m in Sources */,
				A0622A052495D00D009A78B4 /* AppDelegate.m in Sources */,
				A0622A192495D81E009A78B4 /* ColorViewController.m in Sources */,
			);
			runOnlyForDeploymentPostprocessing = 0;
		};
/* End PBXSourcesBuildPhase section */

/* Begin PBXVariantGroup section */
		A0622A082495D00E009A78B4 /* LaunchScreen.storyboard */ = {
			isa = PBXVariantGroup;
			children = (
				A0622A092495D00E009A78B4 /* Base */,
			);
			name = LaunchScreen.storyboard;
			sourceTree = "<group>";
		};
/* End PBXVariantGroup section */

/* Begin XCBuildConfiguration section */
		A0622A0E2495D00E009A78B4 /* Debug */ = {
			isa = XCBuildConfiguration;
			buildSettings = {
				ALWAYS_SEARCH_USER_PATHS = NO;
				CLANG_ANALYZER_NONNULL = YES;
				CLANG_ANALYZER_NUMBER_OBJECT_CONVERSION = YES_AGGRESSIVE;
				CLANG_CXX_LANGUAGE_STANDARD = "gnu++14";
				CLANG_CXX_LIBRARY = "libc++";
				CLANG_ENABLE_MODULES = YES;
				CLANG_ENABLE_OBJC_ARC = YES;
				CLANG_ENABLE_OBJC_WEAK = YES;
				CLANG_WARN_BLOCK_CAPTURE_AUTORELEASING = YES;
				CLANG_WARN_BOOL_CONVERSION = YES;
				CLANG_WARN_COMMA = YES;
				CLANG_WARN_CONSTANT_CONVERSION = YES;
				CLANG_WARN_DEPRECATED_OBJC_IMPLEMENTATIONS = YES;
				CLANG_WARN_DIRECT_OBJC_ISA_USAGE = YES_ERROR;
				CLANG_WARN_DOCUMENTATION_COMMENTS = YES;
				CLANG_WARN_EMPTY_BODY = YES;
				CLANG_WARN_ENUM_CONVERSION = YES;
				CLANG_WARN_INFINITE_RECURSION = YES;
				CLANG_WARN_INT_CONVERSION = YES;
				CLANG_WARN_NON_LITERAL_NULL_CONVERSION = YES;
				CLANG_WARN_OBJC_IMPLICIT_RETAIN_SELF = YES;
				CLANG_WARN_OBJC_LITERAL_CONVERSION = YES;
				CLANG_WARN_OBJC_ROOT_CLASS = YES_ERROR;
				CLANG_WARN_RANGE_LOOP_ANALYSIS = YES;
				CLANG_WARN_STRICT_PROTOTYPES = YES;
				CLANG_WARN_SUSPICIOUS_MOVE = YES;
				CLANG_WARN_UNGUARDED_AVAILABILITY = YES_AGGRESSIVE;
				CLANG_WARN_UNREACHABLE_CODE = YES;
				CLANG_WARN__DUPLICATE_METHOD_MATCH = YES;
				COPY_PHASE_STRIP = NO;
				DEBUG_INFORMATION_FORMAT = dwarf;
				ENABLE_STRICT_OBJC_MSGSEND = YES;
				ENABLE_TESTABILITY = YES;
				GCC_C_LANGUAGE_STANDARD = gnu11;
				GCC_DYNAMIC_NO_PIC = NO;
				GCC_NO_COMMON_BLOCKS = YES;
				GCC_OPTIMIZATION_LEVEL = 0;
				GCC_PREPROCESSOR_DEFINITIONS = (
					"DEBUG=1",
					"$(inherited)",
				);
				GCC_WARN_64_TO_32_BIT_CONVERSION = YES;
				GCC_WARN_ABOUT_RETURN_TYPE = YES_ERROR;
				GCC_WARN_UNDECLARED_SELECTOR = YES;
				GCC_WARN_UNINITIALIZED_AUTOS = YES_AGGRESSIVE;
				GCC_WARN_UNUSED_FUNCTION = YES;
				GCC_WARN_UNUSED_VARIABLE = YES;
				IPHONEOS_DEPLOYMENT_TARGET = 13.5;
				MTL_ENABLE_DEBUG_INFO = INCLUDE_SOURCE;
				MTL_FAST_MATH = YES;
				ONLY_ACTIVE_ARCH = YES;
				SDKROOT = iphoneos;
			};
			name = Debug;
		};
		A0622A0F2495D00E009A78B4 /* Release */ = {
			isa = XCBuildConfiguration;
			buildSettings = {
				ALWAYS_SEARCH_USER_PATHS = NO;
				CLANG_ANALYZER_NONNULL = YES;
				CLANG_ANALYZER_NUMBER_OBJECT_CONVERSION = YES_AGGRESSIVE;
				CLANG_CXX_LANGUAGE_STANDARD = "gnu++14";
				CLANG_CXX_LIBRARY = "libc++";
				CLANG_ENABLE_MODULES = YES;
				CLANG_ENABLE_OBJC_ARC = YES;
				CLANG_ENABLE_OBJC_WEAK = YES;
				CLANG_WARN_BLOCK_CAPTURE_AUTORELEASING = YES;
				CLANG_WARN_BOOL_CONVERSION = YES;
				CLANG_WARN_COMMA = YES;
				CLANG_WARN_CONSTANT_CONVERSION = YES;
				CLANG_WARN_DEPRECATED_OBJC_IMPLEMENTATIONS = YES;
				CLANG_WARN_DIRECT_OBJC_ISA_USAGE = YES_ERROR;
				CLANG_WARN_DOCUMENTATION_COMMENTS = YES;
				CLANG_WARN_EMPTY_BODY = YES;
				CLANG_WARN_ENUM_CONVERSION = YES;
				CLANG_WARN_INFINITE_RECURSION = YES;
				CLANG_WARN_INT_CONVERSION = YES;
				CLANG_WARN_NON_LITERAL_NULL_CONVERSION = YES;
				CLANG_WARN_OBJC_IMPLICIT_RETAIN_SELF = YES;
				CLANG_WARN_OBJC_LITERAL_CONVERSION = YES;
				CLANG_WARN_OBJC_ROOT_CLASS = YES_ERROR;
				CLANG_WARN_RANGE_LOOP_ANALYSIS = YES;
				CLANG_WARN_STRICT_PROTOTYPES = YES;
				CLANG_WARN_SUSPICIOUS_MOVE = YES;
				CLANG_WARN_UNGUARDED_AVAILABILITY = YES_AGGRESSIVE;
				CLANG_WARN_UNREACHABLE_CODE = YES;
				CLANG_WARN__DUPLICATE_METHOD_MATCH = YES;
				COPY_PHASE_STRIP = NO;
				DEBUG_INFORMATION_FORMAT = "dwarf-with-dsym";
				ENABLE_NS_ASSERTIONS = NO;
				ENABLE_STRICT_OBJC_MSGSEND = YES;
				GCC_C_LANGUAGE_STANDARD = gnu11;
				GCC_NO_COMMON_BLOCKS = YES;
				GCC_WARN_64_TO_32_BIT_CONVERSION = YES;
				GCC_WARN_ABOUT_RETURN_TYPE = YES_ERROR;
				GCC_WARN_UNDECLARED_SELECTOR = YES;
				GCC_WARN_UNINITIALIZED_AUTOS = YES_AGGRESSIVE;
				GCC_WARN_UNUSED_FUNCTION = YES;
				GCC_WARN_UNUSED_VARIABLE = YES;
				IPHONEOS_DEPLOYMENT_TARGET = 13.5;
				MTL_ENABLE_DEBUG_INFO = NO;
				MTL_FAST_MATH = YES;
				SDKROOT = iphoneos;
				VALIDATE_PRODUCT = YES;
			};
			name = Release;
		};
		A0622A112495D00E009A78B4 /* Debug */ = {
			isa = XCBuildConfiguration;
			buildSettings = {
				ASSETCATALOG_COMPILER_APPICON_NAME = AppIcon;
				CODE_SIGN_STYLE = Automatic;
				INFOPLIST_FILE = Colorboard/Info.plist;
				LD_RUNPATH_SEARCH_PATHS = (
					"$(inherited)",
					"@executable_path/Frameworks",
				);
				PRODUCT_BUNDLE_IDENTIFIER = com.nuko.Colorboard;
				PRODUCT_NAME = "$(TARGET_NAME)";
				TARGETED_DEVICE_FAMILY = "1,2";
			};
			name = Debug;
		};
		A0622A122495D00E009A78B4 /* Release */ = {
			isa = XCBuildConfiguration;
			buildSettings = {
				ASSETCATALOG_COMPILER_APPICON_NAME = AppIcon;
				CODE_SIGN_STYLE = Automatic;
				INFOPLIST_FILE = Colorboard/Info.plist;
				LD_RUNPATH_SEARCH_PATHS = (
					"$(inherited)",
					"@executable_path/Frameworks",
				);
				PRODUCT_BUNDLE_IDENTIFIER = com.nuko.Colorboard;
				PRODUCT_NAME = "$(TARGET_NAME)";
				TARGETED_DEVICE_FAMILY = "1,2";
			};
			name = Release;
		};
/* End XCBuildConfiguration section */

/* Begin XCConfigurationList section */
		A06229FB2495D00D009A78B4 /* Build configuration list for PBXProject "Colorboard" */ = {
			isa = XCConfigurationList;
			buildConfigurations = (
				A0622A0E2495D00E009A78B4 /* Debug */,
				A0622A0F2495D00E009A78B4 /* Release */,
			);
			defaultConfigurationIsVisible = 0;
			defaultConfigurationName = Release;
		};
		A0622A102495D00E009A78B4 /* Build configuration list for PBXNativeTarget "Colorboard" */ = {
			isa = XCConfigurationList;
			buildConfigurations = (
				A0622A112495D00E009A78B4 /* Debug */,
				A0622A122495D00E009A78B4 /* Release */,
			);
			defaultConfigurationIsVisible = 0;
			defaultConfigurationName = Release;
		};
/* End XCConfigurationList section */
	};
	rootObject = A06229F82495D00D009A78B4 /* Project object */;
}
